
Microsoft Visual Studio Solution File, Format Version 12.00
# Visual Studio Version 17
VisualStudioVersion = 17.8.34330.188
MinimumVisualStudioVersion = 10.0.40219.1
Project("{FAE04EC0-301F-11D3-BF4B-00C04F79EFBC}") = "MovieDatabase", "MovieDatabase\MovieDatabase.csproj", "{240B7196-A52F-4D5D-A9E2-BC6BDD0BB69F}"
EndProject
Global
	GlobalSection(SolutionConfigurationPlatforms) = preSolution
		Debug|Any CPU = Debug|Any CPU
		Release|Any CPU = Release|Any CPU
	EndGlobalSection
	GlobalSection(ProjectConfigurationPlatforms) = postSolution
		{240B7196-A52F-4D5D-A9E2-BC6BDD0BB69F}.Debug|Any CPU.ActiveCfg = Debug|Any CPU
		{240B7196-A52F-4D5D-A9E2-BC6BDD0BB69F}.Debug|Any CPU.Build.0 = Debug|Any CPU
		{240B7196-A52F-4D5D-A9E2-BC6BDD0BB69F}.Release|Any CPU.ActiveCfg = Release|Any CPU
		{240B7196-A52F-4D5D-A9E2-BC6BDD0BB69F}.Release|Any CPU.Build.0 = Release|Any CPU
	EndGlobalSection
	GlobalSection(SolutionProperties) = preSolution
		HideSolutionNode = FALSE
	EndGlobalSection
	GlobalSection(ExtensibilityGlobals) = postSolution
		SolutionGuid = {D121F94B-43BD-4B38-8D80-6C4D4AFB12CB}
	EndGlobalSection
EndGlobal
